
Microsoft Visual Studio Solution File, Format Version 12.00
# Visual Studio Version 17
VisualStudioVersion = 17.7.34031.279
MinimumVisualStudioVersion = 10.0.40219.1
Project("{FAE04EC0-301F-11D3-BF4B-00C04F79EFBC}") = "Hospital.Web", "Hospital.Web\Hospital.Web.csproj", "{6AA1E824-EDEC-4B92-8534-EC9BF590F3D9}"
EndProject
Global
	GlobalSection(SolutionConfigurationPlatforms) = preSolution
		Debug|Any CPU = Debug|Any CPU
		Release|Any CPU = Release|Any CPU
	EndGlobalSection
	GlobalSection(ProjectConfigurationPlatforms) = postSolution
		{6AA1E824-EDEC-4B92-8534-EC9BF590F3D9}.Debug|Any CPU.ActiveCfg = Debug|Any CPU
		{6AA1E824-EDEC-4B92-8534-EC9BF590F3D9}.Debug|Any CPU.Build.0 = Debug|Any CPU
		{6AA1E824-EDEC-4B92-8534-EC9BF590F3D9}.Release|Any CPU.ActiveCfg = Release|Any CPU
		{6AA1E824-EDEC-4B92-8534-EC9BF590F3D9}.Release|Any CPU.Build.0 = Release|Any CPU
	EndGlobalSection
	GlobalSection(SolutionProperties) = preSolution
		HideSolutionNode = FALSE
	EndGlobalSection
	GlobalSection(ExtensibilityGlobals) = postSolution
		SolutionGuid = {CE4570FC-0C42-4F1C-BEB9-5A19DBDD7883}
	EndGlobalSection
EndGlobal
